
Microsoft Visual Studio Solution File, Format Version 12.00
# Visual Studio Version 16
VisualStudioVersion = 16.0.31025.194
MinimumVisualStudioVersion = 10.0.40219.1
Project("{9092AA53-FB77-4645-B42D-1CCCA6BD08BD}") = "YGGFinance_backend", "YGGFinance_backend\YGGFinance_backend.njsproj", "{05C309E2-C211-46B9-A754-85AFEBF7A7B9}"
EndProject
Global
	GlobalSection(SolutionConfigurationPlatforms) = preSolution
		Debug|Any CPU = Debug|Any CPU
		Release|Any CPU = Release|Any CPU
	EndGlobalSection
	GlobalSection(ProjectConfigurationPlatforms) = postSolution
		{05C309E2-C211-46B9-A754-85AFEBF7A7B9}.Debug|Any CPU.ActiveCfg = Debug|Any CPU
		{05C309E2-C211-46B9-A754-85AFEBF7A7B9}.Debug|Any CPU.Build.0 = Debug|Any CPU
		{05C309E2-C211-46B9-A754-85AFEBF7A7B9}.Release|Any CPU.ActiveCfg = Release|Any CPU
		{05C309E2-C211-46B9-A754-85AFEBF7A7B9}.Release|Any CPU.Build.0 = Release|Any CPU
	EndGlobalSection
	GlobalSection(SolutionProperties) = preSolution
		HideSolutionNode = FALSE
	EndGlobalSection
	GlobalSection(ExtensibilityGlobals) = postSolution
		SolutionGuid = {013557F4-1BF4-491B-9CF2-3A6FFCEC185D}
	EndGlobalSection
EndGlobal
